
Microsoft Visual Studio Solution File, Format Version 12.00
# Visual Studio Version 16
VisualStudioVersion = 16.0.31911.196
MinimumVisualStudioVersion = 10.0.40219.1
Project("{FAE04EC0-301F-11D3-BF4B-00C04F79EFBC}") = "UnitTest101", "UnitTest101\UnitTest101.csproj", "{3912B49B-BC3E-453A-AA1F-E650825515BD}"
EndProject
Project("{FAE04EC0-301F-11D3-BF4B-00C04F79EFBC}") = "UnitTest101MSTest", "UnitTest101MSTest\UnitTest101MSTest.csproj", "{DC3BD033-F5EE-4883-A548-5F9FC94B30F8}"
EndProject
Project("{FAE04EC0-301F-11D3-BF4B-00C04F79EFBC}") = "UnitTest101NUnitTest", "UnitTest101NUnitTest\UnitTest101NUnitTest.csproj", "{1A2E750C-1959-42E9-AA24-2378802AC3FC}"
EndProject
Global
	GlobalSection(SolutionConfigurationPlatforms) = preSolution
		Debug|Any CPU = Debug|Any CPU
		Release|Any CPU = Release|Any CPU
	EndGlobalSection
	GlobalSection(ProjectConfigurationPlatforms) = postSolution
		{3912B49B-BC3E-453A-AA1F-E650825515BD}.Debug|Any CPU.ActiveCfg = Debug|Any CPU
		{3912B49B-BC3E-453A-AA1F-E650825515BD}.Debug|Any CPU.Build.0 = Debug|Any CPU
		{3912B49B-BC3E-453A-AA1F-E650825515BD}.Release|Any CPU.ActiveCfg = Release|Any CPU
		{3912B49B-BC3E-453A-AA1F-E650825515BD}.Release|Any CPU.Build.0 = Release|Any CPU
		{DC3BD033-F5EE-4883-A548-5F9FC94B30F8}.Debug|Any CPU.ActiveCfg = Debug|Any CPU
		{DC3BD033-F5EE-4883-A548-5F9FC94B30F8}.Debug|Any CPU.Build.0 = Debug|Any CPU
		{DC3BD033-F5EE-4883-A548-5F9FC94B30F8}.Release|Any CPU.ActiveCfg = Release|Any CPU
		{DC3BD033-F5EE-4883-A548-5F9FC94B30F8}.Release|Any CPU.Build.0 = Release|Any CPU
		{1A2E750C-1959-42E9-AA24-2378802AC3FC}.Debug|Any CPU.ActiveCfg = Debug|Any CPU
		{1A2E750C-1959-42E9-AA24-2378802AC3FC}.Debug|Any CPU.Build.0 = Debug|Any CPU
		{1A2E750C-1959-42E9-AA24-2378802AC3FC}.Release|Any CPU.ActiveCfg = Release|Any CPU
		{1A2E750C-1959-42E9-AA24-2378802AC3FC}.Release|Any CPU.Build.0 = Release|Any CPU
	EndGlobalSection
	GlobalSection(SolutionProperties) = preSolution
		HideSolutionNode = FALSE
	EndGlobalSection
	GlobalSection(ExtensibilityGlobals) = postSolution
		SolutionGuid = {3E9687BE-186C-42F6-8903-E2AAD5EAC1F2}
	EndGlobalSection
EndGlobal
